{
  "object": {
    "pins": [
      {
        "package": "Ampersand",
        "repositoryURL": "https://github.com/darjeelingsteve/Ampersand",
        "state": {
          "branch": null,
          "revision": "9498afe66ef14428c80647a4b1046c9aab97655a",
          "version": "1.1.0"
        }
      }
    ]
  },
  "version": 1
}
